{
  "name": "iitm-voting-system",
  "version": "1.0.0",
  "description": "One-Human-One-Vote on Hedera using Hardhat",
  "main": "index.js",
  "scripts": {
    "compile": "hardhat compile",
    "node": "hardhat node",
    "deploy:local": "hardhat run scripts/deploy.js --network localhost",
    "deploy:hedera": "hardhat run scripts/deploy.js --network hedera",
    "test": "hardhat test"
  },
  "keywords": ["voting", "hedera", "blockchain"],
  "author": "",
  "license": "MIT",
  "devDependencies": {
    "@nomicfoundation/hardhat-toolbox": "^3.0.0",
    "@nomicfoundation/hardhat-chai-matchers": "^2.0.0",
    "@nomicfoundation/hardhat-ethers": "^3.0.0",
    "hardhat": "^2.19.0",
    "ethers": "^6.7.2"
  },
  "dependencies": {
    "dotenv": "^16.3.1"
  }
}

